
Microsoft Visual Studio Solution File, Format Version 12.00
# Visual Studio Version 17
VisualStudioVersion = 17.0.31903.59
MinimumVisualStudioVersion = 10.0.40219.1
Project("{FAE04EC0-301F-11D3-BF4B-00C04F79EFBC}") = "Transacoes.Domain", "Transacoes.Domain\Transacoes.Domain.csproj", "{CCDEC7C8-B9BD-4AD4-9BDA-F01D8A6A96C1}"
EndProject
Project("{FAE04EC0-301F-11D3-BF4B-00C04F79EFBC}") = "Transacoes.Application", "Transacoes.Application\Transacoes.Application.csproj", "{68DBAD53-F735-42B5-A13F-12F636BE35BE}"
EndProject
Project("{FAE04EC0-301F-11D3-BF4B-00C04F79EFBC}") = "Transacoes.Infrastructure", "Transacoes.Infrastructure\Transacoes.Infrastructure.csproj", "{D4DAB0C3-46E5-44C0-8127-D18C509B6DD6}"
EndProject
Project("{FAE04EC0-301F-11D3-BF4B-00C04F79EFBC}") = "Transacoes.API", "Transacoes.API\Transacoes.API.csproj", "{D7B6E359-604F-47A7-AEDE-103E224D1E04}"
EndProject
Project("{FAE04EC0-301F-11D3-BF4B-00C04F79EFBC}") = "Transacoes.Tests.Unit", "Transacoes.Tests.Unit\Transacoes.Tests.Unit.csproj", "{17751956-B760-45CE-904F-F3F99C4A47AB}"
EndProject
Global
	GlobalSection(SolutionConfigurationPlatforms) = preSolution
		Debug|Any CPU = Debug|Any CPU
		Debug|x64 = Debug|x64
		Debug|x86 = Debug|x86
		Release|Any CPU = Release|Any CPU
		Release|x64 = Release|x64
		Release|x86 = Release|x86
	EndGlobalSection
	GlobalSection(ProjectConfigurationPlatforms) = postSolution
		{CCDEC7C8-B9BD-4AD4-9BDA-F01D8A6A96C1}.Debug|Any CPU.ActiveCfg = Debug|Any CPU
		{CCDEC7C8-B9BD-4AD4-9BDA-F01D8A6A96C1}.Debug|Any CPU.Build.0 = Debug|Any CPU
		{CCDEC7C8-B9BD-4AD4-9BDA-F01D8A6A96C1}.Debug|x64.ActiveCfg = Debug|Any CPU
		{CCDEC7C8-B9BD-4AD4-9BDA-F01D8A6A96C1}.Debug|x64.Build.0 = Debug|Any CPU
		{CCDEC7C8-B9BD-4AD4-9BDA-F01D8A6A96C1}.Debug|x86.ActiveCfg = Debug|Any CPU
		{CCDEC7C8-B9BD-4AD4-9BDA-F01D8A6A96C1}.Debug|x86.Build.0 = Debug|Any CPU
		{CCDEC7C8-B9BD-4AD4-9BDA-F01D8A6A96C1}.Release|Any CPU.ActiveCfg = Release|Any CPU
		{CCDEC7C8-B9BD-4AD4-9BDA-F01D8A6A96C1}.Release|Any CPU.Build.0 = Release|Any CPU
		{CCDEC7C8-B9BD-4AD4-9BDA-F01D8A6A96C1}.Release|x64.ActiveCfg = Release|Any CPU
		{CCDEC7C8-B9BD-4AD4-9BDA-F01D8A6A96C1}.Release|x64.Build.0 = Release|Any CPU
		{CCDEC7C8-B9BD-4AD4-9BDA-F01D8A6A96C1}.Release|x86.ActiveCfg = Release|Any CPU
		{CCDEC7C8-B9BD-4AD4-9BDA-F01D8A6A96C1}.Release|x86.Build.0 = Release|Any CPU
		{68DBAD53-F735-42B5-A13F-12F636BE35BE}.Debug|Any CPU.ActiveCfg = Debug|Any CPU
		{68DBAD53-F735-42B5-A13F-12F636BE35BE}.Debug|Any CPU.Build.0 = Debug|Any CPU
		{68DBAD53-F735-42B5-A13F-12F636BE35BE}.Debug|x64.ActiveCfg = Debug|Any CPU
		{68DBAD53-F735-42B5-A13F-12F636BE35BE}.Debug|x64.Build.0 = Debug|Any CPU
		{68DBAD53-F735-42B5-A13F-12F636BE35BE}.Debug|x86.ActiveCfg = Debug|Any CPU
		{68DBAD53-F735-42B5-A13F-12F636BE35BE}.Debug|x86.Build.0 = Debug|Any CPU
		{68DBAD53-F735-42B5-A13F-12F636BE35BE}.Release|Any CPU.ActiveCfg = Release|Any CPU
		{68DBAD53-F735-42B5-A13F-12F636BE35BE}.Release|Any CPU.Build.0 = Release|Any CPU
		{68DBAD53-F735-42B5-A13F-12F636BE35BE}.Release|x64.ActiveCfg = Release|Any CPU
		{68DBAD53-F735-42B5-A13F-12F636BE35BE}.Release|x64.Build.0 = Release|Any CPU
		{68DBAD53-F735-42B5-A13F-12F636BE35BE}.Release|x86.ActiveCfg = Release|Any CPU
		{68DBAD53-F735-42B5-A13F-12F636BE35BE}.Release|x86.Build.0 = Release|Any CPU
		{D4DAB0C3-46E5-44C0-8127-D18C509B6DD6}.Debug|Any CPU.ActiveCfg = Debug|Any CPU
		{D4DAB0C3-46E5-44C0-8127-D18C509B6DD6}.Debug|Any CPU.Build.0 = Debug|Any CPU
		{D4DAB0C3-46E5-44C0-8127-D18C509B6DD6}.Debug|x64.ActiveCfg = Debug|Any CPU
		{D4DAB0C3-46E5-44C0-8127-D18C509B6DD6}.Debug|x64.Build.0 = Debug|Any CPU
		{D4DAB0C3-46E5-44C0-8127-D18C509B6DD6}.Debug|x86.ActiveCfg = Debug|Any CPU
		{D4DAB0C3-46E5-44C0-8127-D18C509B6DD6}.Debug|x86.Build.0 = Debug|Any CPU
		{D4DAB0C3-46E5-44C0-8127-D18C509B6DD6}.Release|Any CPU.ActiveCfg = Release|Any CPU
		{D4DAB0C3-46E5-44C0-8127-D18C509B6DD6}.Release|Any CPU.Build.0 = Release|Any CPU
		{D4DAB0C3-46E5-44C0-8127-D18C509B6DD6}.Release|x64.ActiveCfg = Release|Any CPU
		{D4DAB0C3-46E5-44C0-8127-D18C509B6DD6}.Release|x64.Build.0 = Release|Any CPU
		{D4DAB0C3-46E5-44C0-8127-D18C509B6DD6}.Release|x86.ActiveCfg = Release|Any CPU
		{D4DAB0C3-46E5-44C0-8127-D18C509B6DD6}.Release|x86.Build.0 = Release|Any CPU
		{D7B6E359-604F-47A7-AEDE-103E224D1E04}.Debug|Any CPU.ActiveCfg = Debug|Any CPU
		{D7B6E359-604F-47A7-AEDE-103E224D1E04}.Debug|Any CPU.Build.0 = Debug|Any CPU
		{D7B6E359-604F-47A7-AEDE-103E224D1E04}.Debug|x64.ActiveCfg = Debug|Any CPU
		{D7B6E359-604F-47A7-AEDE-103E224D1E04}.Debug|x64.Build.0 = Debug|Any CPU
		{D7B6E359-604F-47A7-AEDE-103E224D1E04}.Debug|x86.ActiveCfg = Debug|Any CPU
		{D7B6E359-604F-47A7-AEDE-103E224D1E04}.Debug|x86.Build.0 = Debug|Any CPU
		{D7B6E359-604F-47A7-AEDE-103E224D1E04}.Release|Any CPU.ActiveCfg = Release|Any CPU
		{D7B6E359-604F-47A7-AEDE-103E224D1E04}.Release|Any CPU.Build.0 = Release|Any CPU
		{D7B6E359-604F-47A7-AEDE-103E224D1E04}.Release|x64.ActiveCfg = Release|Any CPU
		{D7B6E359-604F-47A7-AEDE-103E224D1E04}.Release|x64.Build.0 = Release|Any CPU
		{D7B6E359-604F-47A7-AEDE-103E224D1E04}.Release|x86.ActiveCfg = Release|Any CPU
		{D7B6E359-604F-47A7-AEDE-103E224D1E04}.Release|x86.Build.0 = Release|Any CPU
		{17751956-B760-45CE-904F-F3F99C4A47AB}.Debug|Any CPU.ActiveCfg = Debug|Any CPU
		{17751956-B760-45CE-904F-F3F99C4A47AB}.Debug|Any CPU.Build.0 = Debug|Any CPU
		{17751956-B760-45CE-904F-F3F99C4A47AB}.Debug|x64.ActiveCfg = Debug|Any CPU
		{17751956-B760-45CE-904F-F3F99C4A47AB}.Debug|x64.Build.0 = Debug|Any CPU
		{17751956-B760-45CE-904F-F3F99C4A47AB}.Debug|x86.ActiveCfg = Debug|Any CPU
		{17751956-B760-45CE-904F-F3F99C4A47AB}.Debug|x86.Build.0 = Debug|Any CPU
		{17751956-B760-45CE-904F-F3F99C4A47AB}.Release|Any CPU.ActiveCfg = Release|Any CPU
		{17751956-B760-45CE-904F-F3F99C4A47AB}.Release|Any CPU.Build.0 = Release|Any CPU
		{17751956-B760-45CE-904F-F3F99C4A47AB}.Release|x64.ActiveCfg = Release|Any CPU
		{17751956-B760-45CE-904F-F3F99C4A47AB}.Release|x64.Build.0 = Release|Any CPU
		{17751956-B760-45CE-904F-F3F99C4A47AB}.Release|x86.ActiveCfg = Release|Any CPU
		{17751956-B760-45CE-904F-F3F99C4A47AB}.Release|x86.Build.0 = Release|Any CPU
	EndGlobalSection
	GlobalSection(SolutionProperties) = preSolution
		HideSolutionNode = FALSE
	EndGlobalSection
EndGlobal
